Microsoft Visual Studio Solution File, Format Version 12.00
# Visual Studio Version 16
VisualStudioVersion = 16.0.31005.135
MinimumVisualStudioVersion = 10.0.40219.1
Project("{9A19103F-16F7-4668-BE54-9A1E7A4F7556}") = "ProductApi", "ProductApi\ProductApi.csproj", "{1AB07F84-B486-4705-9F0B-425D2EE530E8}"
EndProject
Project("{9A19103F-16F7-4668-BE54-9A1E7A4F7556}") = "OrderApi", "OrderApi\OrderApi.csproj", "{559DB926-84A6-4388-A849-138C85B00412}"
EndProject
Project("{9A19103F-16F7-4668-BE54-9A1E7A4F7556}") = "SharedModels", "SharedModels\SharedModels.csproj", "{55ACCE15-B901-470F-AA09-D613B758CB74}"
EndProject
Project("{9A19103F-16F7-4668-BE54-9A1E7A4F7556}") = "CustomerAPI", "CustomerAPI\CustomerAPI.csproj", "{311BC500-E94F-4B4C-884C-B54CA4450A24}"
EndProject
Project("{E53339B2-1760-4266-BCC7-CA923CBCF16C}") = "docker-compose", "docker-compose.dcproj", "{0CFA0150-CFE4-48F3-B18B-726D07448E7B}"
EndProject
Project("{FAE04EC0-301F-11D3-BF4B-00C04F79EFBC}") = "ApiGateway", "ApiGateway\ApiGateway.csproj", "{1CDFAB01-220E-466F-B512-0F357341768E}"
EndProject
Global
	GlobalSection(SolutionConfigurationPlatforms) = preSolution
		Debug|Any CPU = Debug|Any CPU
		Release|Any CPU = Release|Any CPU
	EndGlobalSection
	GlobalSection(ProjectConfigurationPlatforms) = postSolution
		{1AB07F84-B486-4705-9F0B-425D2EE530E8}.Debug|Any CPU.ActiveCfg = Debug|Any CPU
		{1AB07F84-B486-4705-9F0B-425D2EE530E8}.Debug|Any CPU.Build.0 = Debug|Any CPU
		{1AB07F84-B486-4705-9F0B-425D2EE530E8}.Release|Any CPU.ActiveCfg = Release|Any CPU
		{1AB07F84-B486-4705-9F0B-425D2EE530E8}.Release|Any CPU.Build.0 = Release|Any CPU
		{559DB926-84A6-4388-A849-138C85B00412}.Debug|Any CPU.ActiveCfg = Debug|Any CPU
		{559DB926-84A6-4388-A849-138C85B00412}.Debug|Any CPU.Build.0 = Debug|Any CPU
		{559DB926-84A6-4388-A849-138C85B00412}.Release|Any CPU.ActiveCfg = Release|Any CPU
		{559DB926-84A6-4388-A849-138C85B00412}.Release|Any CPU.Build.0 = Release|Any CPU
		{55ACCE15-B901-470F-AA09-D613B758CB74}.Debug|Any CPU.ActiveCfg = Debug|Any CPU
		{55ACCE15-B901-470F-AA09-D613B758CB74}.Debug|Any CPU.Build.0 = Debug|Any CPU
		{55ACCE15-B901-470F-AA09-D613B758CB74}.Release|Any CPU.ActiveCfg = Release|Any CPU
		{55ACCE15-B901-470F-AA09-D613B758CB74}.Release|Any CPU.Build.0 = Release|Any CPU
		{311BC500-E94F-4B4C-884C-B54CA4450A24}.Debug|Any CPU.ActiveCfg = Debug|Any CPU
		{311BC500-E94F-4B4C-884C-B54CA4450A24}.Debug|Any CPU.Build.0 = Debug|Any CPU
		{311BC500-E94F-4B4C-884C-B54CA4450A24}.Release|Any CPU.ActiveCfg = Release|Any CPU
		{311BC500-E94F-4B4C-884C-B54CA4450A24}.Release|Any CPU.Build.0 = Release|Any CPU
		{0CFA0150-CFE4-48F3-B18B-726D07448E7B}.Debug|Any CPU.ActiveCfg = Debug|Any CPU
		{0CFA0150-CFE4-48F3-B18B-726D07448E7B}.Debug|Any CPU.Build.0 = Debug|Any CPU
		{0CFA0150-CFE4-48F3-B18B-726D07448E7B}.Release|Any CPU.ActiveCfg = Release|Any CPU
		{0CFA0150-CFE4-48F3-B18B-726D07448E7B}.Release|Any CPU.Build.0 = Release|Any CPU
		{1CDFAB01-220E-466F-B512-0F357341768E}.Debug|Any CPU.ActiveCfg = Debug|Any CPU
		{1CDFAB01-220E-466F-B512-0F357341768E}.Debug|Any CPU.Build.0 = Debug|Any CPU
		{1CDFAB01-220E-466F-B512-0F357341768E}.Release|Any CPU.ActiveCfg = Release|Any CPU
		{1CDFAB01-220E-466F-B512-0F357341768E}.Release|Any CPU.Build.0 = Release|Any CPU
	EndGlobalSection
	GlobalSection(SolutionProperties) = preSolution
		HideSolutionNode = FALSE
	EndGlobalSection
	GlobalSection(ExtensibilityGlobals) = postSolution
		SolutionGuid = {2590F373-E08F-454F-92D4-D108BE0DA026}
	EndGlobalSection
EndGlobal
